
Microsoft Visual Studio Solution File, Format Version 12.00
# Visual Studio Version 16
VisualStudioVersion = 16.0.30523.141
MinimumVisualStudioVersion = 10.0.40219.1
Project("{FAE04EC0-301F-11D3-BF4B-00C04F79EFBC}") = "Stroia_Roxana_Cristina_Lab6", "Stroia_Roxana_Cristina_Lab6.csproj", "{9C40A21C-CFD1-4CD5-85A4-6F864CC48EFE}"
EndProject
Project("{FAE04EC0-301F-11D3-BF4B-00C04F79EFBC}") = "Auto_Lot_Model", "..\Auto_Lot_Model\Auto_Lot_Model.csproj", "{573F6040-C66C-4787-9B2E-5E8D7162AAB9}"
EndProject
Global
	GlobalSection(SolutionConfigurationPlatforms) = preSolution
		Debug|Any CPU = Debug|Any CPU
		Release|Any CPU = Release|Any CPU
	EndGlobalSection
	GlobalSection(ProjectConfigurationPlatforms) = postSolution
		{9C40A21C-CFD1-4CD5-85A4-6F864CC48EFE}.Debug|Any CPU.ActiveCfg = Debug|Any CPU
		{9C40A21C-CFD1-4CD5-85A4-6F864CC48EFE}.Debug|Any CPU.Build.0 = Debug|Any CPU
		{9C40A21C-CFD1-4CD5-85A4-6F864CC48EFE}.Release|Any CPU.ActiveCfg = Release|Any CPU
		{9C40A21C-CFD1-4CD5-85A4-6F864CC48EFE}.Release|Any CPU.Build.0 = Release|Any CPU
		{573F6040-C66C-4787-9B2E-5E8D7162AAB9}.Debug|Any CPU.ActiveCfg = Debug|Any CPU
		{573F6040-C66C-4787-9B2E-5E8D7162AAB9}.Debug|Any CPU.Build.0 = Debug|Any CPU
		{573F6040-C66C-4787-9B2E-5E8D7162AAB9}.Release|Any CPU.ActiveCfg = Release|Any CPU
		{573F6040-C66C-4787-9B2E-5E8D7162AAB9}.Release|Any CPU.Build.0 = Release|Any CPU
	EndGlobalSection
	GlobalSection(SolutionProperties) = preSolution
		HideSolutionNode = FALSE
	EndGlobalSection
	GlobalSection(ExtensibilityGlobals) = postSolution
		SolutionGuid = {D13559DB-2FDC-4683-95BF-695C57736B8F}
	EndGlobalSection
EndGlobal
